// !$*UTF8*$!
{
	archiveVersion = 1;
	classes = {
	};
	objectVersion = 56;
	objects = {

/* Begin PBXBuildFile section */
		337BECD62AADC5F500FB749F /* AppDelegate.swift in Sources */ = {isa = PBXBuildFile; fileRef = 337BECD52AADC5F500FB749F /* AppDelegate.swift */; };
		337BECD82AADC5F500FB749F /* SceneDelegate.swift in Sources */ = {isa = PBXBuildFile; fileRef = 337BECD72AADC5F500FB749F /* SceneDelegate.swift */; };
		337BECDA2AADC5F500FB749F /* ViewController.swift in Sources */ = {isa = PBXBuildFile; fileRef = 337BECD92AADC5F500FB749F /* ViewController.swift */; };
		337BECDF2AADC5F600FB749F /* Assets.xcassets in Resources */ = {isa = PBXBuildFile; fileRef = 337BECDE2AADC5F600FB749F /* Assets.xcassets */; };
		337BECE22AADC5F600FB749F /* LaunchScreen.storyboard in Resources */ = {isa = PBXBuildFile; fileRef = 337BECE02AADC5F600FB749F /* LaunchScreen.storyboard */; };
		337BECEA2AADD21D00FB749F /* PictureView.swift in Sources */ = {isa = PBXBuildFile; fileRef = 337BECE92AADD21D00FB749F /* PictureView.swift */; };
		337BECEC2AADD25B00FB749F /* PictureCell.swift in Sources */ = {isa = PBXBuildFile; fileRef = 337BECEB2AADD25B00FB749F /* PictureCell.swift */; };
		337BECF32AAE1C1800FB749F /* BackgroundView.swift in Sources */ = {isa = PBXBuildFile; fileRef = 337BECF22AAE1C1800FB749F /* BackgroundView.swift */; };
		337BECF52AAE359B00FB749F /* ImageCacheManager.swift in Sources */ = {isa = PBXBuildFile; fileRef = 337BECF42AAE359B00FB749F /* ImageCacheManager.swift */; };
		33C0C5DE2AAF911D0008D9E0 /* Constant.swift in Sources */ = {isa = PBXBuildFile; fileRef = 33C0C5DD2AAF911D0008D9E0 /* Constant.swift */; };
		33C0C5E22AAF9C300008D9E0 /* SnapKit in Frameworks */ = {isa = PBXBuildFile; productRef = 33C0C5E12AAF9C300008D9E0 /* SnapKit */; };
/* End PBXBuildFile section */

/* Begin PBXFileReference section */
		337BECD22AADC5F500FB749F /* Carousel.app */ = {isa = PBXFileReference; explicitFileType = wrapper.application; includeInIndex = 0; path = Carousel.app; sourceTree = BUILT_PRODUCTS_DIR; };
		337BECD52AADC5F500FB749F /* AppDelegate.swift */ = {isa = PBXFileReference; lastKnownFileType = sourcecode.swift; path = AppDelegate.swift; sourceTree = "<group>"; };
		337BECD72AADC5F500FB749F /* SceneDelegate.swift */ = {isa = PBXFileReference; lastKnownFileType = sourcecode.swift; path = SceneDelegate.swift; sourceTree = "<group>"; };
		337BECD92AADC5F500FB749F /* ViewController.swift */ = {isa = PBXFileReference; lastKnownFileType = sourcecode.swift; path = ViewController.swift; sourceTree = "<group>"; };
		337BECDE2AADC5F600FB749F /* Assets.xcassets */ = {isa = PBXFileReference; lastKnownFileType = folder.assetcatalog; path = Assets.xcassets; sourceTree = "<group>"; };
		337BECE12AADC5F600FB749F /* Base */ = {isa = PBXFileReference; lastKnownFileType = file.storyboard; name = Base; path = Base.lproj/LaunchScreen.storyboard; sourceTree = "<group>"; };
		337BECE32AADC5F600FB749F /* Info.plist */ = {isa = PBXFileReference; lastKnownFileType = text.plist.xml; path = Info.plist; sourceTree = "<group>"; };
		337BECE92AADD21D00FB749F /* PictureView.swift */ = {isa = PBXFileReference; lastKnownFileType = sourcecode.swift; path = PictureView.swift; sourceTree = "<group>"; };
		337BECEB2AADD25B00FB749F /* PictureCell.swift */ = {isa = PBXFileReference; lastKnownFileType = sourcecode.swift; path = PictureCell.swift; sourceTree = "<group>"; };
		337BECF22AAE1C1800FB749F /* BackgroundView.swift */ = {isa = PBXFileReference; lastKnownFileType = sourcecode.swift; path = BackgroundView.swift; sourceTree = "<group>"; };
		337BECF42AAE359B00FB749F /* ImageCacheManager.swift */ = {isa = PBXFileReference; lastKnownFileType = sourcecode.swift; path = ImageCacheManager.swift; sourceTree = "<group>"; };
		33C0C5DD2AAF911D0008D9E0 /* Constant.swift */ = {isa = PBXFileReference; lastKnownFileType = sourcecode.swift; path = Constant.swift; sourceTree = "<group>"; };
/* End PBXFileReference section */

/* Begin PBXFrameworksBuildPhase section */
		337BECCF2AADC5F500FB749F /* Frameworks */ = {
			isa = PBXFrameworksBuildPhase;
			buildActionMask = 2147483647;
			files = (
				33C0C5E22AAF9C300008D9E0 /* SnapKit in Frameworks */,
			);
			runOnlyForDeploymentPostprocessing = 0;
		};
/* End PBXFrameworksBuildPhase section */

/* Begin PBXGroup section */
		337BECC92AADC5F500FB749F = {
			isa = PBXGroup;
			children = (
				337BECD42AADC5F500FB749F /* Carousel */,
				337BECD32AADC5F500FB749F /* Products */,
			);
			sourceTree = "<group>";
		};
		337BECD32AADC5F500FB749F /* Products */ = {
			isa = PBXGroup;
			children = (
				337BECD22AADC5F500FB749F /* Carousel.app */,
			);
			name = Products;
			sourceTree = "<group>";
		};
		337BECD42AADC5F500FB749F /* Carousel */ = {
			isa = PBXGroup;
			children = (
				337BECD52AADC5F500FB749F /* AppDelegate.swift */,
				337BECD72AADC5F500FB749F /* SceneDelegate.swift */,
				33C0C5DD2AAF911D0008D9E0 /* Constant.swift */,
				337BECF62AAE35A000FB749F /* Managers */,
				337BECF02AADD35600FB749F /* Views */,
				337BECF12AADD36900FB749F /* Scenes */,
				337BECDE2AADC5F600FB749F /* Assets.xcassets */,
				337BECE02AADC5F600FB749F /* LaunchScreen.storyboard */,
				337BECE32AADC5F600FB749F /* Info.plist */,
			);
			path = Carousel;
			sourceTree = "<group>";
		};
		337BECF02AADD35600FB749F /* Views */ = {
			isa = PBXGroup;
			children = (
				337BECF22AAE1C1800FB749F /* BackgroundView.swift */,
				337BECEB2AADD25B00FB749F /* PictureCell.swift */,
				337BECE92AADD21D00FB749F /* PictureView.swift */,
			);
			path = Views;
			sourceTree = "<group>";
		};
		337BECF12AADD36900FB749F /* Scenes */ = {
			isa = PBXGroup;
			children = (
				337BECD92AADC5F500FB749F /* ViewController.swift */,
			);
			path = Scenes;
			sourceTree = "<group>";
		};
		337BECF62AAE35A000FB749F /* Managers */ = {
			isa = PBXGroup;
			children = (
				337BECF42AAE359B00FB749F /* ImageCacheManager.swift */,
			);
			path = Managers;
			sourceTree = "<group>";
		};
/* End PBXGroup section */

/* Begin PBXNativeTarget section */
		337BECD12AADC5F500FB749F /* Carousel */ = {
			isa = PBXNativeTarget;
			buildConfigurationList = 337BECE62AADC5F600FB749F /* Build configuration list for PBXNativeTarget "Carousel" */;
			buildPhases = (
				337BECCE2AADC5F500FB749F /* Sources */,
				337BECCF2AADC5F500FB749F /* Frameworks */,
				337BECD02AADC5F500FB749F /* Resources */,
			);
			buildRules = (
			);
			dependencies = (
			);
			name = Carousel;
			packageProductDependencies = (
				33C0C5E12AAF9C300008D9E0 /* SnapKit */,
			);
			productName = Carousel;
			productReference = 337BECD22AADC5F500FB749F /* Carousel.app */;
			productType = "com.apple.product-type.application";
		};
/* End PBXNativeTarget section */

/* Begin PBXProject section */
		337BECCA2AADC5F500FB749F /* Project object */ = {
			isa = PBXProject;
			attributes = {
				BuildIndependentTargetsInParallel = 1;
				LastSwiftUpdateCheck = 1430;
				LastUpgradeCheck = 1430;
				TargetAttributes = {
					337BECD12AADC5F500FB749F = {
						CreatedOnToolsVersion = 14.3.1;
					};
				};
			};
			buildConfigurationList = 337BECCD2AADC5F500FB749F /* Build configuration list for PBXProject "Carousel" */;
			compatibilityVersion = "Xcode 14.0";
			developmentRegion = en;
			hasScannedForEncodings = 0;
			knownRegions = (
				en,
				Base,
			);
			mainGroup = 337BECC92AADC5F500FB749F;
			packageReferences = (
				33C0C5E02AAF9C300008D9E0 /* XCRemoteSwiftPackageReference "SnapKit" */,
			);
			productRefGroup = 337BECD32AADC5F500FB749F /* Products */;
			projectDirPath = "";
			projectRoot = "";
			targets = (
				337BECD12AADC5F500FB749F /* Carousel */,
			);
		};
/* End PBXProject section */

/* Begin PBXResourcesBuildPhase section */
		337BECD02AADC5F500FB749F /* Resources */ = {
			isa = PBXResourcesBuildPhase;
			buildActionMask = 2147483647;
			files = (
				337BECE22AADC5F600FB749F /* LaunchScreen.storyboard in Resources */,
				337BECDF2AADC5F600FB749F /* Assets.xcassets in Resources */,
			);
			runOnlyForDeploymentPostprocessing = 0;
		};
/* End PBXResourcesBuildPhase section */

/* Begin PBXSourcesBuildPhase section */
		337BECCE2AADC5F500FB749F /* Sources */ = {
			isa = PBXSourcesBuildPhase;
			buildActionMask = 2147483647;
			files = (
				337BECF32AAE1C1800FB749F /* BackgroundView.swift in Sources */,
				337BECF52AAE359B00FB749F /* ImageCacheManager.swift in Sources */,
				337BECDA2AADC5F500FB749F /* ViewController.swift in Sources */,
				33C0C5DE2AAF911D0008D9E0 /* Constant.swift in Sources */,
				337BECD62AADC5F500FB749F /* AppDelegate.swift in Sources */,
				337BECEC2AADD25B00FB749F /* PictureCell.swift in Sources */,
				337BECD82AADC5F500FB749F /* SceneDelegate.swift in Sources */,
				337BECEA2AADD21D00FB749F /* PictureView.swift in Sources */,
			);
			runOnlyForDeploymentPostprocessing = 0;
		};
/* End PBXSourcesBuildPhase section */

/* Begin PBXVariantGroup section */
		337BECE02AADC5F600FB749F /* LaunchScreen.storyboard */ = {
			isa = PBXVariantGroup;
			children = (
				337BECE12AADC5F600FB749F /* Base */,
			);
			name = LaunchScreen.storyboard;
			sourceTree = "<group>";
		};
/* End PBXVariantGroup section */

/* Begin XCBuildConfiguration section */
		337BECE42AADC5F600FB749F /* Debug */ = {
			isa = XCBuildConfiguration;
			buildSettings = {
				ALWAYS_SEARCH_USER_PATHS = NO;
				CLANG_ANALYZER_NONNULL = YES;
				CLANG_ANALYZER_NUMBER_OBJECT_CONVERSION = YES_AGGRESSIVE;
				CLANG_CXX_LANGUAGE_STANDARD = "gnu++20";
				CLANG_ENABLE_MODULES = YES;
				CLANG_ENABLE_OBJC_ARC = YES;
				CLANG_ENABLE_OBJC_WEAK = YES;
				CLANG_WARN_BLOCK_CAPTURE_AUTORELEASING = YES;
				CLANG_WARN_BOOL_CONVERSION = YES;
				CLANG_WARN_COMMA = YES;
				CLANG_WARN_CONSTANT_CONVERSION = YES;
				CLANG_WARN_DEPRECATED_OBJC_IMPLEMENTATIONS = YES;
				CLANG_WARN_DIRECT_OBJC_ISA_USAGE = YES_ERROR;
				CLANG_WARN_DOCUMENTATION_COMMENTS = YES;
				CLANG_WARN_EMPTY_BODY = YES;
				CLANG_WARN_ENUM_CONVERSION = YES;
				CLANG_WARN_INFINITE_RECURSION = YES;
				CLANG_WARN_INT_CONVERSION = YES;
				CLANG_WARN_NON_LITERAL_NULL_CONVERSION = YES;
				CLANG_WARN_OBJC_IMPLICIT_RETAIN_SELF = YES;
				CLANG_WARN_OBJC_LITERAL_CONVERSION = YES;
				CLANG_WARN_OBJC_ROOT_CLASS = YES_ERROR;
				CLANG_WARN_QUOTED_INCLUDE_IN_FRAMEWORK_HEADER = YES;
				CLANG_WARN_RANGE_LOOP_ANALYSIS = YES;
				CLANG_WARN_STRICT_PROTOTYPES = YES;
				CLANG_WARN_SUSPICIOUS_MOVE = YES;
				CLANG_WARN_UNGUARDED_AVAILABILITY = YES_AGGRESSIVE;
				CLANG_WARN_UNREACHABLE_CODE = YES;
				CLANG_WARN__DUPLICATE_METHOD_MATCH = YES;
				COPY_PHASE_STRIP = NO;
				DEBUG_INFORMATION_FORMAT = dwarf;
				ENABLE_STRICT_OBJC_MSGSEND = YES;
				ENABLE_TESTABILITY = YES;
				GCC_C_LANGUAGE_STANDARD = gnu11;
				GCC_DYNAMIC_NO_PIC = NO;
				GCC_NO_COMMON_BLOCKS = YES;
				GCC_OPTIMIZATION_LEVEL = 0;
				GCC_PREPROCESSOR_DEFINITIONS = (
					"DEBUG=1",
					"$(inherited)",
				);
				GCC_WARN_64_TO_32_BIT_CONVERSION = YES;
				GCC_WARN_ABOUT_RETURN_TYPE = YES_ERROR;
				GCC_WARN_UNDECLARED_SELECTOR = YES;
				GCC_WARN_UNINITIALIZED_AUTOS = YES_AGGRESSIVE;
				GCC_WARN_UNUSED_FUNCTION = YES;
				GCC_WARN_UNUSED_VARIABLE = YES;
				IPHONEOS_DEPLOYMENT_TARGET = 16.4;
				MTL_ENABLE_DEBUG_INFO = INCLUDE_SOURCE;
				MTL_FAST_MATH = YES;
				ONLY_ACTIVE_ARCH = YES;
				SDKROOT = iphoneos;
				SWIFT_ACTIVE_COMPILATION_CONDITIONS = DEBUG;
				SWIFT_OPTIMIZATION_LEVEL = "-Onone";
			};
			name = Debug;
		};
		337BECE52AADC5F600FB749F /* Release */ = {
			isa = XCBuildConfiguration;
			buildSettings = {
				ALWAYS_SEARCH_USER_PATHS = NO;
				CLANG_ANALYZER_NONNULL = YES;
				CLANG_ANALYZER_NUMBER_OBJECT_CONVERSION = YES_AGGRESSIVE;
				CLANG_CXX_LANGUAGE_STANDARD = "gnu++20";
				CLANG_ENABLE_MODULES = YES;
				CLANG_ENABLE_OBJC_ARC = YES;
				CLANG_ENABLE_OBJC_WEAK = YES;
				CLANG_WARN_BLOCK_CAPTURE_AUTORELEASING = YES;
				CLANG_WARN_BOOL_CONVERSION = YES;
				CLANG_WARN_COMMA = YES;
				CLANG_WARN_CONSTANT_CONVERSION = YES;
				CLANG_WARN_DEPRECATED_OBJC_IMPLEMENTATIONS = YES;
				CLANG_WARN_DIRECT_OBJC_ISA_USAGE = YES_ERROR;
				CLANG_WARN_DOCUMENTATION_COMMENTS = YES;
				CLANG_WARN_EMPTY_BODY = YES;
				CLANG_WARN_ENUM_CONVERSION = YES;
				CLANG_WARN_INFINITE_RECURSION = YES;
				CLANG_WARN_INT_CONVERSION = YES;
				CLANG_WARN_NON_LITERAL_NULL_CONVERSION = YES;
				CLANG_WARN_OBJC_IMPLICIT_RETAIN_SELF = YES;
				CLANG_WARN_OBJC_LITERAL_CONVERSION = YES;
				CLANG_WARN_OBJC_ROOT_CLASS = YES_ERROR;
				CLANG_WARN_QUOTED_INCLUDE_IN_FRAMEWORK_HEADER = YES;
				CLANG_WARN_RANGE_LOOP_ANALYSIS = YES;
				CLANG_WARN_STRICT_PROTOTYPES = YES;
				CLANG_WARN_SUSPICIOUS_MOVE = YES;
				CLANG_WARN_UNGUARDED_AVAILABILITY = YES_AGGRESSIVE;
				CLANG_WARN_UNREACHABLE_CODE = YES;
				CLANG_WARN__DUPLICATE_METHOD_MATCH = YES;
				COPY_PHASE_STRIP = NO;
				DEBUG_INFORMATION_FORMAT = "dwarf-with-dsym";
				ENABLE_NS_ASSERTIONS = NO;
				ENABLE_STRICT_OBJC_MSGSEND = YES;
				GCC_C_LANGUAGE_STANDARD = gnu11;
				GCC_NO_COMMON_BLOCKS = YES;
				GCC_WARN_64_TO_32_BIT_CONVERSION = YES;
				GCC_WARN_ABOUT_RETURN_TYPE = YES_ERROR;
				GCC_WARN_UNDECLARED_SELECTOR = YES;
				GCC_WARN_UNINITIALIZED_AUTOS = YES_AGGRESSIVE;
				GCC_WARN_UNUSED_FUNCTION = YES;
				GCC_WARN_UNUSED_VARIABLE = YES;
				IPHONEOS_DEPLOYMENT_TARGET = 16.4;
				MTL_ENABLE_DEBUG_INFO = NO;
				MTL_FAST_MATH = YES;
				SDKROOT = iphoneos;
				SWIFT_COMPILATION_MODE = wholemodule;
				SWIFT_OPTIMIZATION_LEVEL = "-O";
				VALIDATE_PRODUCT = YES;
			};
			name = Release;
		};
		337BECE72AADC5F600FB749F /* Debug */ = {
			isa = XCBuildConfiguration;
			buildSettings = {
				ASSETCATALOG_COMPILER_APPICON_NAME = AppIcon;
				ASSETCATALOG_COMPILER_GLOBAL_ACCENT_COLOR_NAME = AccentColor;
				CODE_SIGN_STYLE = Automatic;
				CURRENT_PROJECT_VERSION = 1;
				DEVELOPMENT_TEAM = HJ943JVKX7;
				GENERATE_INFOPLIST_FILE = YES;
				INFOPLIST_FILE = Carousel/Info.plist;
				INFOPLIST_KEY_UIApplicationSupportsIndirectInputEvents = YES;
				INFOPLIST_KEY_UILaunchStoryboardName = LaunchScreen;
				INFOPLIST_KEY_UISupportedInterfaceOrientations_iPad = "UIInterfaceOrientationPortrait UIInterfaceOrientationPortraitUpsideDown UIInterfaceOrientationLandscapeLeft UIInterfaceOrientationLandscapeRight";
				INFOPLIST_KEY_UISupportedInterfaceOrientations_iPhone = "UIInterfaceOrientationPortrait UIInterfaceOrientationLandscapeLeft UIInterfaceOrientationLandscapeRight";
				LD_RUNPATH_SEARCH_PATHS = (
					"$(inherited)",
					"@executable_path/Frameworks",
				);
				MARKETING_VERSION = 1.0;
				PRODUCT_BUNDLE_IDENTIFIER = "z-wook.Carousel";
				PRODUCT_NAME = "$(TARGET_NAME)";
				SUPPORTED_PLATFORMS = "iphoneos iphonesimulator";
				SUPPORTS_MACCATALYST = NO;
				SUPPORTS_MAC_DESIGNED_FOR_IPHONE_IPAD = NO;
				SWIFT_EMIT_LOC_STRINGS = YES;
				SWIFT_VERSION = 5.0;
				TARGETED_DEVICE_FAMILY = "1,2";
			};
			name = Debug;
		};
		337BECE82AADC5F600FB749F /* Release */ = {
			isa = XCBuildConfiguration;
			buildSettings = {
				ASSETCATALOG_COMPILER_APPICON_NAME = AppIcon;
				ASSETCATALOG_COMPILER_GLOBAL_ACCENT_COLOR_NAME = AccentColor;
				CODE_SIGN_STYLE = Automatic;
				CURRENT_PROJECT_VERSION = 1;
				DEVELOPMENT_TEAM = HJ943JVKX7;
				GENERATE_INFOPLIST_FILE = YES;
				INFOPLIST_FILE = Carousel/Info.plist;
				INFOPLIST_KEY_UIApplicationSupportsIndirectInputEvents = YES;
				INFOPLIST_KEY_UILaunchStoryboardName = LaunchScreen;
				INFOPLIST_KEY_UISupportedInterfaceOrientations_iPad = "UIInterfaceOrientationPortrait UIInterfaceOrientationPortraitUpsideDown UIInterfaceOrientationLandscapeLeft UIInterfaceOrientationLandscapeRight";
				INFOPLIST_KEY_UISupportedInterfaceOrientations_iPhone = "UIInterfaceOrientationPortrait UIInterfaceOrientationLandscapeLeft UIInterfaceOrientationLandscapeRight";
				LD_RUNPATH_SEARCH_PATHS = (
					"$(inherited)",
					"@executable_path/Frameworks",
				);
				MARKETING_VERSION = 1.0;
				PRODUCT_BUNDLE_IDENTIFIER = "z-wook.Carousel";
				PRODUCT_NAME = "$(TARGET_NAME)";
				SUPPORTED_PLATFORMS = "iphoneos iphonesimulator";
				SUPPORTS_MACCATALYST = NO;
				SUPPORTS_MAC_DESIGNED_FOR_IPHONE_IPAD = NO;
				SWIFT_EMIT_LOC_STRINGS = YES;
				SWIFT_VERSION = 5.0;
				TARGETED_DEVICE_FAMILY = "1,2";
			};
			name = Release;
		};
/* End XCBuildConfiguration section */

/* Begin XCConfigurationList section */
		337BECCD2AADC5F500FB749F /* Build configuration list for PBXProject "Carousel" */ = {
			isa = XCConfigurationList;
			buildConfigurations = (
				337BECE42AADC5F600FB749F /* Debug */,
				337BECE52AADC5F600FB749F /* Release */,
			);
			defaultConfigurationIsVisible = 0;
			defaultConfigurationName = Release;
		};
		337BECE62AADC5F600FB749F /* Build configuration list for PBXNativeTarget "Carousel" */ = {
			isa = XCConfigurationList;
			buildConfigurations = (
				337BECE72AADC5F600FB749F /* Debug */,
				337BECE82AADC5F600FB749F /* Release */,
			);
			defaultConfigurationIsVisible = 0;
			defaultConfigurationName = Release;
		};
/* End XCConfigurationList section */

/* Begin XCRemoteSwiftPackageReference section */
		33C0C5E02AAF9C300008D9E0 /* XCRemoteSwiftPackageReference "SnapKit" */ = {
			isa = XCRemoteSwiftPackageReference;
			repositoryURL = "https://github.com/SnapKit/SnapKit";
			requirement = {
				kind = upToNextMajorVersion;
				minimumVersion = 5.0.0;
			};
		};
/* End XCRemoteSwiftPackageReference section */

/* Begin XCSwiftPackageProductDependency section */
		33C0C5E12AAF9C300008D9E0 /* SnapKit */ = {
			isa = XCSwiftPackageProductDependency;
			package = 33C0C5E02AAF9C300008D9E0 /* XCRemoteSwiftPackageReference "SnapKit" */;
			productName = SnapKit;
		};
/* End XCSwiftPackageProductDependency section */
	};
	rootObject = 337BECCA2AADC5F500FB749F /* Project object */;
}
